lockfileVersion: '9.0'

settings:
  autoInstallPeers: true
  excludeLinksFromLockfile: false

importers:

  .:
    dependencies:
      '@hono/node-server':
        specifier: ^1.19.9
        version: 1.19.9(hono@4.12.0)
      chokidar:
        specifier: ^5.0.0
        version: 5.0.0
      dotenv:
        specifier: ^17.3.1
        version: 17.3.1
      hono:
        specifier: ^4.12.0
        version: 4.12.0

packages:

  '@hono/node-server@1.19.9':
    resolution: {integrity: sha512-vHL6w3ecZsky+8P5MD+eFfaGTyCeOHUIFYMGpQGbrBTSmNNoxv0if69rEZ5giu36weC5saFuznL411gRX7bJDw==}
    engines: {node: '>=18.14.1'}
    peerDependencies:
      hono: ^4

  chokidar@5.0.0:
    resolution: {integrity: sha512-TQMmc3w+5AxjpL8iIiwebF73dRDF4fBIieAqGn9RGCWaEVwQ6Fb2cGe31Yns0RRIzii5goJ1Y7xbMwo1TxMplw==}
    engines: {node: '>= 20.19.0'}

  dotenv@17.3.1:
    resolution: {integrity: sha512-IO8C/dzEb6O3F9/twg6ZLXz164a2fhTnEWb95H23Dm4OuN+92NmEAlTrupP9VW6Jm3sO26tQlqyvyi4CsnY9GA==}
    engines: {node: '>=12'}

  hono@4.12.0:
    resolution: {integrity: sha512-NekXntS5M94pUfiVZ8oXXK/kkri+5WpX2/Ik+LVsl+uvw+soj4roXIsPqO+XsWrAw20mOzaXOZf3Q7PfB9A/IA==}
    engines: {node: '>=16.9.0'}

  readdirp@5.0.0:
    resolution: {integrity: sha512-9u/XQ1pvrQtYyMpZe7DXKv2p5CNvyVwzUB6uhLAnQwHMSgKMBR62lc7AHljaeteeHXn11XTAaLLUVZYVZyuRBQ==}
    engines: {node: '>= 20.19.0'}

snapshots:

  '@hono/node-server@1.19.9(hono@4.12.0)':
    dependencies:
      hono: 4.12.0

  chokidar@5.0.0:
    dependencies:
      readdirp: 5.0.0

  dotenv@17.3.1: {}

  hono@4.12.0: {}

  readdirp@5.0.0: {}
